
Microsoft Visual Studio Solution File, Format Version 12.00
# Visual Studio Version 17
VisualStudioVersion = 17.7.34018.315
MinimumVisualStudioVersion = 10.0.40219.1
Project("{FAE04EC0-301F-11D3-BF4B-00C04F79EFBC}") = "ExcelToPDF", "ExcelToPDF.csproj", "{38E1A915-E465-4F0D-B56C-8713FD9508FB}"
EndProject
Global
	GlobalSection(SolutionConfigurationPlatforms) = preSolution
		Debug|Any CPU = Debug|Any CPU
		Release|Any CPU = Release|Any CPU
	EndGlobalSection
	GlobalSection(ProjectConfigurationPlatforms) = postSolution
		{38E1A915-E465-4F0D-B56C-8713FD9508FB}.Debug|Any CPU.ActiveCfg = Debug|Any CPU
		{38E1A915-E465-4F0D-B56C-8713FD9508FB}.Debug|Any CPU.Build.0 = Debug|Any CPU
		{38E1A915-E465-4F0D-B56C-8713FD9508FB}.Release|Any CPU.ActiveCfg = Release|Any CPU
		{38E1A915-E465-4F0D-B56C-8713FD9508FB}.Release|Any CPU.Build.0 = Release|Any CPU
	EndGlobalSection
	GlobalSection(SolutionProperties) = preSolution
		HideSolutionNode = FALSE
	EndGlobalSection
	GlobalSection(ExtensibilityGlobals) = postSolution
		SolutionGuid = {2812C61B-C3A5-4697-A21D-1B3F6FC41C95}
	EndGlobalSection
EndGlobal
